lockfileVersion: '9.0'

settings:
  autoInstallPeers: true
  excludeLinksFromLockfile: false

importers:

  .:
    dependencies:
      '@vercel/connect':
        specifier: 0.2.7
        version: 0.2.7(ai@7.0.38(zod@4.4.3))(eve@0.31.3(ai@7.0.38(zod@4.4.3)))
      ai:
        specifier: 7.0.38
        version: 7.0.38(zod@4.4.3)
      eve:
        specifier: ^0.31.2
        version: 0.31.3(ai@7.0.38(zod@4.4.3))
      zod:
        specifier: 4.4.3
        version: 4.4.3
    devDependencies:
      '@types/node':
        specifier: ^25.9.3
        version: 25.9.5
      typescript:
        specifier: 7.0.1-rc
        version: 7.0.1-rc

packages:

  '@ai-sdk/gateway@4.0.29':
    resolution: {integrity: sha512-x63ILOnzMjbavVb55ckuoQLZB8KTdrJFzk3nSt1QbecokLac4FGEYQDUKQSvRV93lFWol+8tr0ZR+IHWhGtmJw==}
    engines: {node: '>=22'}
    peerDependencies:
      zod: ^3.25.76 || ^4.1.8

  '@ai-sdk/provider-utils@5.0.13':
    resolution: {integrity: sha512-fScDJMDnTbx32kLDQqp0MvPjvwkgiwvlBxlmIg7XW5PbS91LG6JjH3PQG+34oMFglqfpQA355e24OdGj5PPoDw==}
    engines: {node: '>=22'}
    peerDependencies:
      zod: ^3.25.76 || ^4.1.8

  '@ai-sdk/provider@4.0.4':
    resolution: {integrity: sha512-tbHKNLirllUNF3ZlkCsXnwab2ZV1Sl4b1H/Cp9ruCce15IBmskE8Gwkk0yo9xDWY+jho2of7lVXtwSsyrq7cwQ==}
    engines: {node: '>=22'}

  '@oxc-project/types@0.143.0':
    resolution: {integrity: sha512-u6JZdLBTLotrNC9Vd6vPssINdzcCzleKAH6EJKImQb7GtYvX5keN2dxkoK44stCc4tffE6QQRtZTXVSzsLUlWA==}

  '@rolldown/binding-android-arm64@1.2.3':
    resolution: {integrity: sha512-zrJtHDcaZJ1Fp7xf4hNl+7seH9Cn/N5TwLYkhgXREtBwAd/jaqW3uqeHxpDugJLVICWg4eW44kOQEGJ1r6jCGw==}
    engines: {node: ^20.19.0 || >=22.12.0}
    cpu: [arm64]
    os: [android]

  '@rolldown/binding-darwin-arm64@1.2.3':
    resolution: {integrity: sha512-ieIiibVCp0tX7TLu2cafoNPv8wJyYi01ekXpbf8q2j7F4rGAhhXb/eQh7ge9DRBY78GwmRQtvjZDux7EDbA8kA==}
    engines: {node: ^20.19.0 || >=22.12.0}
    cpu: [arm64]
    os: [darwin]

  '@rolldown/binding-darwin-x64@1.2.3':
    resolution: {integrity: sha512-Zh9tCon19eDXJoihx0rqKhMUlMYqzwj3aPsSuHmI4RWZh62dWUL+DJN4C5YQya5TcQBJU/Fe8+rY0jhXTQITqA==}
    engines: {node: ^20.19.0 || >=22.12.0}
    cpu: [x64]
    os: [darwin]

  '@rolldown/binding-freebsd-x64@1.2.3':
    resolution: {integrity: sha512-nGbJWewA1wrXXZiQhjAT5rhibGfns5ZNkDVqxsO6zJ3f3YvpoDNNmGMSbbhLuXKjNScaBJVOAboztAWVespQMg==}
    engines: {node: ^20.19.0 || >=22.12.0}
    cpu: [x64]
    os: [freebsd]

  '@rolldown/binding-linux-arm-gnueabihf@1.2.3':
    resolution: {integrity: sha512-QNniJr5Kml0kDEB98jiDOJjXNroxIIi0IXIbdYzY26Xt1pVbeP62+KnoIZLwirOymX/0jDk/2gI/bNUv7A7OIw==}
    engines: {node: ^20.19.0 || >=22.12.0}
    cpu: [arm]
    os: [linux]

  '@rolldown/binding-linux-arm64-gnu@1.2.3':
    resolution: {integrity: sha512-TkqEAcmmvH3I/q4114NB4RVt6241Dao48pF45uLcFGrwAaIn0iITgTAKP/dLjbN0R4buJjGb91+UHSoFmpgIWw==}
    engines: {node: ^20.19.0 || >=22.12.0}
    cpu: [arm64]
    os: [linux]

  '@rolldown/binding-linux-arm64-musl@1.2.3':
    resolution: {integrity: sha512-NHqjnxpsndf4MPymxteFAWHHfkTL8HjWh1KB7z23ofZ6QO2euONuxDXjat69dKZRALnGypg8k8SsK8vZJoXv1Q==}
    engines: {node: ^20.19.0 || >=22.12.0}
    cpu: [arm64]
    os: [linux]

  '@rolldown/binding-linux-ppc64-gnu@1.2.3':
    resolution: {integrity: sha512-6tbrbwfz5GB9DQ4Jwo6hy9v+vR31xZlvzZ6n5Xut6Hhx5PvrA9q/HsK8KMaYQp063iqZGXwNvZtYNLD7EM/x0w==}
    engines: {node: ^20.19.0 || >=22.12.0}
    cpu: [ppc64]
    os: [linux]

  '@rolldown/binding-linux-s390x-gnu@1.2.3':
    resolution: {integrity: sha512-oyuXxXmoZHjXC917IAPFAAv4wWAa0cM9afk8nx1+9/jNNOX1uPf8yDA6p7G0RypOfw/X0PQt5IfoquY1um+zSg==}
    engines: {node: ^20.19.0 || >=22.12.0}
    cpu: [s390x]
    os: [linux]

  '@rolldown/binding-linux-x64-gnu@1.2.3':
    resolution: {integrity: sha512-TytMwF2KVGqP2tgd0I1OY0PAv78dZRAYcF5ssDzjM34SUXCED3uXvSd5+lHoC0bTD6eEdFz7LdQNCO1y0oVk9w==}
    engines: {node: ^20.19.0 || >=22.12.0}
    cpu: [x64]
    os: [linux]

  '@rolldown/binding-linux-x64-musl@1.2.3':
    resolution: {integrity: sha512-/E9m3qstrJFVPoULV25mVQblSNExY2+kBsYe4sy0Tn0yOOgJ8wZbZt3KnRbF/XeU2Gl1STKUQnDNTqhIE5MD4A==}
    engines: {node: ^20.19.0 || >=22.12.0}
    cpu: [x64]
    os: [linux]

  '@rolldown/binding-openharmony-arm64@1.2.3':
    resolution: {integrity: sha512-Kr0OcsoQI816i6HOl3vFHpd1K0eZyh76zgfj4c1nTyaTsd5r2Mj1lwM4R90y/qaCfmTn9eHy0SKwi98eitRxug==}
    engines: {node: ^20.19.0 || >=22.12.0}
    cpu: [arm64]
    os: [openharmony]

  '@rolldown/binding-win32-arm64-msvc@1.2.3':
    resolution: {integrity: sha512-hOtMwTqnME+/gJcH/PCZ0wn0zPUjiWOgkHpxbSJpfGKMezHltx1S7/k1SitzVa7Ww2cqrDDaFbZEhcJZO8o+Jw==}
    engines: {node: ^20.19.0 || >=22.12.0}
    cpu: [arm64]
    os: [win32]

  '@rolldown/binding-win32-x64-msvc@1.2.3':
    resolution: {integrity: sha512-ekcqMMkI2PlhYnfzQnB/cEdYUVVJViWvoUyLrbzgDoi3Snfc1mVBwdnc306ufA5ejy8JSPjT2RlW1nQSjW7efg==}
    engines: {node: ^20.19.0 || >=22.12.0}
    cpu: [x64]
    os: [win32]

  '@rolldown/pluginutils@1.0.1':
    resolution: {integrity: sha512-2j9bGt5Jh8hj+vPtgzPtl72j0yRxHAyumoo6TNfAjsLB04UtpSvPbPcDcBMxz7n+9CYB0c1GxQFxYRg2jimqGw==}

  '@standard-schema/spec@1.1.0':
    resolution: {integrity: sha512-l2aFy5jALhniG5HgqrD6jXLi/rUWrKvqN/qJx6yoJsgKhblVd+iqqU4RCXavm/jPityDo5TCvKMnpjKnOriy0w==}

  '@types/node@25.9.5':
    resolution: {integrity: sha512-OScDchr2fwuUmWdf4kZ9h7PcJiYDVInhJizG/biAq3cAvqwYktuy/TYGGdZNMtNTFUP7rnb0NU4TUdm82kt4Rg==}

  '@typescript/typescript-aix-ppc64@7.0.1-rc':
    resolution: {integrity: sha512-oqq2ZfEJ7BQuufcC3QBQndZLPNyamYNHLao8lKRBeeSkZKypBqxPSgkzrcFZtbYcIaBvpiyUnQP9MT7DEYHWbw==}
    engines: {node: '>=16.20.0'}
    cpu: [ppc64]
    os: [aix]

  '@typescript/typescript-darwin-arm64@7.0.1-rc':
    resolution: {integrity: sha512-Slc0yTftT2F/uGDmtPst8ijydneL6uZaLEyr2UjahxZpbhTjHFBJ5agXtVz/TL4A+ldxzjzj+E8QtLZlh/5mXw==}
    engines: {node: '>=16.20.0'}
    cpu: [arm64]
    os: [darwin]

  '@typescript/typescript-darwin-x64@7.0.1-rc':
    resolution: {integrity: sha512-h68iFW/LbA1/BsGgSRGFw981/3s1f/rY27YrmeZNuN+ly7dI+fiDduwT9ZT9866x2onoKNRq7PTyxSKyKDzfAQ==}
    engines: {node: '>=16.20.0'}
    cpu: [x64]
    os: [darwin]

  '@typescript/typescript-freebsd-arm64@7.0.1-rc':
    resolution: {integrity: sha512-DE+ppd8Ix2c6OMuRkKY4PJ4hngMGJ9M95OQUP17p9xL/1IKXof7npIeuusMN/bgL5o5JzMfSGh+N+5scTYRg0Q==}
    engines: {node: '>=16.20.0'}
    cpu: [arm64]
    os: [freebsd]

  '@typescript/typescript-freebsd-x64@7.0.1-rc':
    resolution: {integrity: sha512-ST1ozHMw0u+CLOnWkcTyWDMV4Qn9osZ6fd1V1lnKDM1t0hZIp81mdGpdHxyHJjd7jdGrb6Gb/QXcZ1uqZ0t5zw==}
    engines: {node: '>=16.20.0'}
    cpu: [x64]
    os: [freebsd]

  '@typescript/typescript-linux-arm64@7.0.1-rc':
    resolution: {integrity: sha512-N46pRihK3t5zD5MUtTQcdmQUqr1WI4U2nxno1gLwOtRSsB4krFkRjPHcQNG7h2DtRkX64rQiReX6WKwg2wprMA==}
    engines: {node: '>=16.20.0'}
    cpu: [arm64]
    os: [linux]

  '@typescript/typescript-linux-arm@7.0.1-rc':
    resolution: {integrity: sha512-gHmHwT5Naq5CKM8g9bbaGeEpnwQEvWCLn3fwP4K2m61VQdDKkPk0Dhab/OoZ4LV2SrMddmclYXTzpyg23YGt5g==}
    engines: {node: '>=16.20.0'}
    cpu: [arm]
    os: [linux]

  '@typescript/typescript-linux-loong64@7.0.1-rc':
    resolution: {integrity: sha512-G17Sao312rgiPBTh2F4nOpLpa3CcnBSaNhqNghZk2LNhnsp1RaMO5HMq2me21gqu9xLpc6CIgHtOzU6JBgNlfg==}
    engines: {node: '>=16.20.0'}
    cpu: [loong64]
    os: [linux]

  '@typescript/typescript-linux-mips64el@7.0.1-rc':
    resolution: {integrity: sha512-0FQspOb5UsQ4tQKvWgUO3pS9OIWkP7/8dPRWq+CRazJUeQZ4LBjtYK52jg5iIOrvItrVl2CwvRtrU3/9OihwJg==}
    engines: {node: '>=16.20.0'}
    cpu: [mips64el]
    os: [linux]

  '@typescript/typescript-linux-ppc64@7.0.1-rc':
    resolution: {integrity: sha512-SUmwfVBEv6A2Ld0eWfcvW0FqrgemfQL8jFGOmV1qYxsDqumjE5DekHXqbstgmbE4SHr4rrjHjvmuGCY+kTH/vw==}
    engines: {node: '>=16.20.0'}
    cpu: [ppc64]
    os: [linux]

  '@typescript/typescript-linux-riscv64@7.0.1-rc':
    resolution: {integrity: sha512-rxeqnNnGiYzv/LlPHi/3+4p0ooR1cNJLjRIHXKovtiVmxXGJq6gtw8VSpbHuWPekyFMXgIAoLCZN0SQ51rAALQ==}
    engines: {node: '>=16.20.0'}
    cpu: [riscv64]
    os: [linux]

  '@typescript/typescript-linux-s390x@7.0.1-rc':
    resolution: {integrity: sha512-RYWCHCiPypxajdRHM2CNK/eM22e4Ex5TTjV2pXf7PTtBowGr0xX8i8kIMknyZS0LX2QfleYHouaoMVsFDSle3g==}
    engines: {node: '>=16.20.0'}
    cpu: [s390x]
    os: [linux]

  '@typescript/typescript-linux-x64@7.0.1-rc':
    resolution: {integrity: sha512-PfLJSu0JzroDkqw2m4nqflPEcn8yev0m/vHFQlY9EzHorzjR6QG0wL8AJHvnD1e6h1s76AZngJ5u+z1K/D/HKw==}
    engines: {node: '>=16.20.0'}
    cpu: [x64]
    os: [linux]

  '@typescript/typescript-netbsd-arm64@7.0.1-rc':
    resolution: {integrity: sha512-FfbPxH3dTfp8yVIaNM7bdWTixXuyxpzoemluqcqMROSIz+ImpCG3Q9HO9Ptzp9/giv+P9YYEnCMSXh61migj2w==}
    engines: {node: '>=16.20.0'}
    cpu: [arm64]
    os: [netbsd]

  '@typescript/typescript-netbsd-x64@7.0.1-rc':
    resolution: {integrity: sha512-FzdTfSzhRYb6hlav6K3cI5RVgcvCTvNAu/vc+t7B6AmZkThQ+t/1ntnvT5fnHmY1Az2RIBw7/b+qtCEG61HJTQ==}
    engines: {node: '>=16.20.0'}
    cpu: [x64]
    os: [netbsd]

  '@typescript/typescript-openbsd-arm64@7.0.1-rc':
    resolution: {integrity: sha512-PQGhlxfNig+0YQ9Wwzd0USPBkt6w/ZqkBQWsU7G/0JkTzunJel+jSWwhKw4947pak/m7hGSeYiI04xReDLGZww==}
    engines: {node: '>=16.20.0'}
    cpu: [arm64]
    os: [openbsd]

  '@typescript/typescript-openbsd-x64@7.0.1-rc':
    resolution: {integrity: sha512-WJ7NYgO2mHmLUkI/tZ+hl8lFd26QPJqO8ONOHNuYbdsybLvSB6B6sep222JIVrOfPRDGvFinbGGB+l3m1FWRWA==}
    engines: {node: '>=16.20.0'}
    cpu: [x64]
    os: [openbsd]

  '@typescript/typescript-sunos-x64@7.0.1-rc':
    resolution: {integrity: sha512-UYjDeUxd765V9qcwlUPk4pEXyL0i3G76CJm9baK4i99u1pGO1psf3nXDw4MMmElVOPvGbZag99ZR/O59E2OX6w==}
    engines: {node: '>=16.20.0'}
    cpu: [x64]
    os: [sunos]

  '@typescript/typescript-win32-arm64@7.0.1-rc':
    resolution: {integrity: sha512-KzXzFSXZOm7zvEt2Aw0MsB2LbTL88znAiVqTDNAOHdlEb7brgmUQh/X2wM/8Be+N0fjEqWKl65cBKNwpWEbJiw==}
    engines: {node: '>=16.20.0'}
    cpu: [arm64]
    os: [win32]

  '@typescript/typescript-win32-x64@7.0.1-rc':
    resolution: {integrity: sha512-98R3+OqDr/r0/PLWEoXu88AE0lGVLNd335Ew8ONgzK1JWkNs4ou/5BGt3Or1ij4iXjH+c7PRL+jFjCbtWze+EA==}
    engines: {node: '>=16.20.0'}
    cpu: [x64]
    os: [win32]

  '@vercel/cli-config@0.2.0':
    resolution: {integrity: sha512-fJRRRB7734BDuXZ89yBEaA2ncYhH7bWX30mk04W80J6VAfQc+4iB8lyzAdaGpFV3/vNlkt9VZt+/uoQoWX6UsQ==}

  '@vercel/cli-exec@1.0.0':
    resolution: {integrity: sha512-kQF8LGie/Hbdq9/psJxLE7owRTcqMQMhgybU04gCeR7cbQAr5t8OrjefDNColJv1QSSucFt4pLwRiARVmlOnug==}
    engines: {node: '>= 18'}

  '@vercel/connect@0.2.7':
    resolution: {integrity: sha512-MxNmQ+J6hbPtU5L7ZvQJjJyLmax+NF1KxaXTSQDm/lw3+yemI53iGRVfqUFvQgX6Hx1pgpGfQTS0ZVfdogmFnw==}
    peerDependencies:
      '@ai-sdk/mcp': ^1 || ^2
      '@auth/core': '>=0.37.0'
      ai: ^6 || ^7.0.0-beta.0
      better-auth: '>=1.5.0'
      eve: '>=0.6.0-beta.1'
    peerDependenciesMeta:
      '@ai-sdk/mcp':
        optional: true
      '@auth/core':
        optional: true
      ai:
        optional: true
      better-auth:
        optional: true
      eve:
        optional: true

  '@vercel/oidc@3.2.0':
    resolution: {integrity: sha512-UycprH3T6n3jH0k44NHMa7pnFHGu/N05MjojYr+Mc6I7obkoLIJujSWwin1pCvdy/eOxrI/l3uDLQsmcrOb4ug==}
    engines: {node: '>= 20'}

  '@vercel/oidc@3.7.0':
    resolution: {integrity: sha512-FWmULATInXyxER8FJjtSEUdoaoeqWv9G9T4y3vraYMJNAx/ox354COtDmhiBb/XaeDjFuiwTY9ss44NRBaGjLQ==}
    engines: {node: '>= 20'}

  '@workflow/serde@4.1.0':
    resolution: {integrity: sha512-pav4F2BoirECWR7Nf1TKt+2eETcBj7jj4cBefQ8VXQCA6NPkaKeLfj/zMgi+3zYV5ZIBT4GuUiphsj0/b9hPQQ==}

  ai@7.0.38:
    resolution: {integrity: sha512-14biRrfd9lGNBT1rNw3QkQs4VDI6u7iBaw6TesP7r09GH4FFY+l22qkza5gQzzSNp/+nn8AM0+q8br0W72nLhQ==}
    engines: {node: '>=22'}
    peerDependencies:
      zod: ^3.25.76 || ^4.1.8

  consola@3.4.2:
    resolution: {integrity: sha512-5IKcdX0nnYavi6G7TtOhwkYzyjfJlatbjMjuLSfE2kYT5pMDOilZ4OvMhi637CcDICTmz3wARPoyhqyX1Y+XvA==}
    engines: {node: ^14.18.0 || >=16.10.0}

  cross-spawn@7.0.6:
    resolution: {integrity: sha512-uV2QOWP2nWzsy2aMp8aRibhi9dlzF5Hgh5SHaB9OiTGEyDTiJJyx0uy51QXdyWbtAHNua4XJzUKca3OzKUd3vA==}
    engines: {node: '>= 8'}

  crossws@0.4.10:
    resolution: {integrity: sha512-pz3oubH/dt12KjqsUB0IuXW4nwRDQ583iDsP4555Cpdqx0NoU7pGlWBcayyFI8f/l/idRpgjMEfwuOxSWJYlIA==}
    peerDependencies:
      srvx: '>=0.11.5'
    peerDependenciesMeta:
      srvx:
        optional: true

  db0@0.3.4:
    resolution: {integrity: sha512-RiXXi4WaNzPTHEOu8UPQKMooIbqOEyqA1t7Z6MsdxSCeb8iUC9ko3LcmsLmeUt2SM5bctfArZKkRQggKZz7JNw==}
    peerDependencies:
      '@electric-sql/pglite': '*'
      '@libsql/client': '*'
      better-sqlite3: '*'
      drizzle-orm: '*'
      mysql2: '*'
      sqlite3: '*'
    peerDependenciesMeta:
      '@electric-sql/pglite':
        optional: true
      '@libsql/client':
        optional: true
      better-sqlite3:
        optional: true
      drizzle-orm:
        optional: true
      mysql2:
        optional: true
      sqlite3:
        optional: true

  env-runner@0.1.16:
    resolution: {integrity: sha512-2LRJM4P2KLX6J83QZZrMqvgCDt/D5ea7wPcI3yYiy5cG/9rX5QwdwZFx0D7ktWnjdRyZxYjttGGorb5nFqb1CA==}
    hasBin: true
    peerDependencies:
      '@netlify/runtime': ^4.1.23
      '@vercel/queue': '>=0.2.0'
      miniflare: ^4.20260515.0
      wrangler: ^4.0.0
    peerDependenciesMeta:
      '@netlify/runtime':
        optional: true
      '@vercel/queue':
        optional: true
      miniflare:
        optional: true
      wrangler:
        optional: true

  eve@0.31.3:
    resolution: {integrity: sha512-/ae8kfsVLGoy68BU+7uNEkXeEQzOHWaXi0Q+Fj5oA2On5POcU0DGR9AnZlOaDQoFLoEtMxRnR1urTw4H0U2O7Q==}
    engines: {node: '>=24'}
    hasBin: true
    peerDependencies:
      '@opentelemetry/api': ^1.0.0
      ai: ^7.0.38
      braintrust: ^3.0.0
      just-bash: ^3.0.0
      microsandbox: ^0.5.0
    peerDependenciesMeta:
      '@opentelemetry/api':
        optional: true
      braintrust:
        optional: true
      just-bash:
        optional: true
      microsandbox:
        optional: true

  eventsource-parser@3.1.0:
    resolution: {integrity: sha512-kJezFj9YFAMLeORyi7aCLxLbD5/qWMQnoMVlVPyHIll7lgRJCc3JVln9Vgl9nwQi0YkMnhdGTMNn7CkRRAptMg==}
    engines: {node: '>=18.0.0'}

  execa@5.1.1:
    resolution: {integrity: sha512-8uSpZZocAZRBAPIEINJj3Lo9HyGitllczc27Eh5YYojjMFMn8yHMDMaUHE2Jqfq05D/wucwI4JGURyXt1vchyg==}
    engines: {node: '>=10'}

  exsolve@1.1.1:
    resolution: {integrity: sha512-9U/jZUgjnSGyntRr6y5Muu1MJcwFl6kPu7k8qLF0IMNfLqvw0NZ4nnVDq0RVoZ0RvCyumib4Ez3KYrVfilrw+g==}

  get-stream@6.0.1:
    resolution: {integrity: sha512-ts6Wi+2j3jQjqi70w5AlN8DFnkSwC+MqmxEzdEALB2qXZYV3X/b1CTfgPLGJNMeAWxdPfU8FO1ms3NUfaHCPYg==}
    engines: {node: '>=10'}

  h3@2.0.1-rc.22:
    resolution: {integrity: sha512-Esv0DMIuPkCTSWCA0vO73vcTqwzH1wjSrAO1TXNu/K3up1sZHa9EKMapbmxCDYBeymC3fVTk4qxp7ogQWQ+KgA==}
    engines: {node: '>=20.11.1'}
    hasBin: true
    peerDependencies:
      crossws: ^0.4.1
    peerDependenciesMeta:
      crossws:
        optional: true

  hookable@6.1.1:
    resolution: {integrity: sha512-U9LYDy1CwhMCnprUfeAZWZGByVbhd54hwepegYTK7Pi5NvqEj63ifz5z+xukznehT7i6NIZRu89Ay1AZmRsLEQ==}

  httpxy@0.5.5:
    resolution: {integrity: sha512-uDjmnPyp1q4Sgzf3w+J/Fc6UqcCEj0x4Wjp7OqK5dGhNeDgpyrAmnS6ey8QWrX3SWDon2DMKf9sBa5X9+CVyMA==}

  human-signals@2.1.0:
    resolution: {integrity: sha512-B4FFZ6q/T2jhhksgkbEW3HBvWIfDW85snkQgawt07S7J5QXTk6BkNV+0yAeZrM5QpMAdYlocGoljn0sJ/WQkFw==}
    engines: {node: '>=10.17.0'}

  is-stream@2.0.1:
    resolution: {integrity: sha512-hFoiJiTl63nn+kstHGBtewWSKnQLpyb155KHheA1l39uvtO9nWIop1p3udqPcUd/xbF1VLMO4n7OI6p7RbngDg==}
    engines: {node: '>=8'}

  isexe@2.0.0:
    resolution: {integrity: sha512-RHxMLp9lnKHGHRng9QFhRCMbYAcVpn69smSGcq3f36xjgVVWThj4qqLbTLlq7Ssj8B+fIQ1EuCEGI2lKsyQeIw==}

  jose@5.10.0:
    resolution: {integrity: sha512-s+3Al/p9g32Iq+oqXxkW//7jk2Vig6FF1CFqzVXoTUXt2qz89YWbL+OwS17NFYEvxC35n0FKeGO2LGYSxeM2Gg==}

  json-schema@0.4.0:
    resolution: {integrity: sha512-es94M3nTIfsEPisRafak+HDLfHXnKBhV3vU5eqPcS3flIWqcxJWgXHXiey3YrpaNsanY5ei1VoYEbOzijuq9BA==}

  merge-stream@2.0.0:
    resolution: {integrity: sha512-abv/qOcuPfk3URPfDzmZU1LKmuw8kT+0nIHvKrKgFrwifol/doWcdA4ZqsWQ8ENrFKkd67Mfpo/LovbIUsbt3w==}

  mimic-fn@2.1.0:
    resolution: {integrity: sha512-OqbOk5oEQeAZ8WXWydlu9HJjz9WVdEIvamMCcXmuqUYjTknH/sqsWvhQ3vgwKFRR1HpjvNBKQ37nbJgYzGqGcg==}
    engines: {node: '>=6'}

  nf3@0.3.23:
    resolution: {integrity: sha512-RWVLAWozmVD3AaDmaU3qMGB3v+yNlH5d9qqStI4e/WLlNQVnJ4YErGDbYCIrGFyrHdbF6I6Baf0Ae6c7tFYmSg==}

  nitro@3.0.260610-beta:
    resolution: {integrity: sha512-KPb4L5yaF/Rx/xoGMpgHRJvZhbhGiqbRKOwwPLCH9jKTKTsEUHLjnJas85AeCzaswqa8Wi52eQBtRsODC4PS0Q==}
    engines: {node: ^20.19.0 || >=22.12.0}
    hasBin: true
    peerDependencies:
      '@vercel/queue': ^0.3.0
      dotenv: '*'
      giget: '*'
      jiti: ^2.7.0
      rollup: ^4.61.1
      vite: ^7 || ^8
      xml2js: ^0.6.2
      zephyr-agent: ^0.2.0
    peerDependenciesMeta:
      '@vercel/queue':
        optional: true
      dotenv:
        optional: true
      giget:
        optional: true
      jiti:
        optional: true
      rollup:
        optional: true
      vite:
        optional: true
      xml2js:
        optional: true
      zephyr-agent:
        optional: true

  npm-run-path@4.0.1:
    resolution: {integrity: sha512-S48WzZW777zhNIrn7gxOlISNAqi9ZC/uQFnRdbeIHhZhCA6UqpkOT8T1G7BvfdgP4Er8gF4sUbaS0i7QvIfCWw==}
    engines: {node: '>=8'}

  ocache@0.1.5:
    resolution: {integrity: sha512-kNNnkkVQup/QDvmTz8Q84wc2ntiyoVHDxa6eHWKt5qdGAmFRBIxy83rxgCYEjW0x06UJ9E3P6VgM2yY4rOBH4w==}

  ofetch@2.0.0-alpha.3:
    resolution: {integrity: sha512-zpYTCs2byOuft65vI3z43Dd6iSdFbOZZLb9/d21aCpx2rGastVU9dOCv0lu4ykc1Ur1anAYjDi3SUvR0vq50JA==}

  ohash@2.0.11:
    resolution: {integrity: sha512-RdR9FQrFwNBNXAr4GixM8YaRZRJ5PUWbKYbE5eOsrwAjJW0q2REGcf79oYPsLyskQCZG1PLN+S/K1V00joZAoQ==}

  onetime@5.1.2:
    resolution: {integrity: sha512-kbpaSSGJTWdAY5KPVeMOKXSrPtr8C8C7wodJbcsd51jRnmD+GZu8Y0VoU6Dm5Z4vWr0Ig/1NKuWRKf7j5aaYSg==}
    engines: {node: '>=6'}

  os-paths@4.4.0:
    resolution: {integrity: sha512-wrAwOeXp1RRMFfQY8Sy7VaGVmPocaLwSFOYCGKSyo8qmJ+/yaafCl5BCA1IQZWqFSRBrKDYFeR9d/VyQzfH/jg==}
    engines: {node: '>= 6.0'}

  path-key@3.1.1:
    resolution: {integrity: sha512-ojmeN0qd+y0jszEtoY48r0Peq5dwMEkIlCOu6Q5f41lfkswXuKtYrhgoTpLnyIcHm24Uhqx+5Tqm2InSwLhE6Q==}
    engines: {node: '>=8'}

  pathe@2.0.3:
    resolution: {integrity: sha512-WUjGcAqP1gQacoQe+OBJsFA7Ld4DyXuUIjZ5cc75cLHvJ7dtNsTugphxIADwspS+AraAUePCKrSVtPLFj/F88w==}

  rolldown@1.2.3:
    resolution: {integrity: sha512-rn9wpmxplLf7NLNyCk9FyWh3FM43DbY8jOzCdEPzH7uflhTftRbCEpqi6Ly2osgoU8OwObtmavMbWLaWy4LX7A==}
    engines: {node: ^20.19.0 || >=22.12.0}
    hasBin: true

  rou3@0.8.1:
    resolution: {integrity: sha512-ePa+XGk00/3HuCqrEnK3LxJW7I0SdNg6EFzKUJG73hMAdDcOUC/i/aSz7LSDwLrGr33kal/rqOGydzwl6U7zBA==}

  shebang-command@2.0.0:
    resolution: {integrity: sha512-kHxr2zZpYtdmrN1qDjrrX/Z1rR1kG8Dx+gkpK1G4eXmvXswmcE1hTWBWYUzlraYw1/yZp6YuDY77YtvbN0dmDA==}
    engines: {node: '>=8'}

  shebang-regex@3.0.0:
    resolution: {integrity: sha512-7++dFhtcx3353uBaq8DDR4NuxBetBzC7ZQOhmTQInHEd6bSrXdiEyzCvG07Z44UYdLShWUyXt5M/yhz8ekcb1A==}
    engines: {node: '>=8'}

  signal-exit@3.0.7:
    resolution: {integrity: sha512-wnD2ZE+l+SPC/uoS0vXeE9L1+0wuaMqKlfz9AMUo38JsyLSBWSFcHR1Rri62LZc12vLr1gb3jl7iwQhgwpAbGQ==}

  srvx@0.11.22:
    resolution: {integrity: sha512-LqZxxBDMKuMAZzFzJnDCkFOrs9MZQZr0LvHiO/SuSZVdQaXD7xQ5UWTUxheJrQPve1qk9MG2B/yttUvJxw8egQ==}
    engines: {node: '>=20.16.0'}
    hasBin: true

  strip-final-newline@2.0.0:
    resolution: {integrity: sha512-BrpvfNAE3dcvq7ll3xVumzjKjZQ5tI1sEUIKr3Uoks0XUl45St3FlatVqef9prk4jRDzhW6WZg+3bk93y6pLjA==}
    engines: {node: '>=6'}

  typescript@7.0.1-rc:
    resolution: {integrity: sha512-drEP77wK7CCDlPfXZH4e008UUQOsw1DFmHmZOZjuNA+yoDLLnSNMZRXi90NbV/1LVo7SbNLq1bs3jjvk49TEqQ==}
    engines: {node: '>=16.20.0'}
    hasBin: true

  undici-types@7.24.6:
    resolution: {integrity: sha512-WRNW+sJgj5OBN4/0JpHFqtqzhpbnV0GuB+OozA9gCL7a993SmU+1JBZCzLNxYsbMfIeDL+lTsphD5jN5N+n0zg==}

  undici@8.9.0:
    resolution: {integrity: sha512-aWZpUj7XoGonMClx4gdDRfgBjqeA+F473aDmROQQbM9n6PRfK/u1q/a0X4wMTgcHfT8H6fpbt98PFuDUwFg2YA==}
    engines: {node: '>=22.19.0'}

  unenv@2.0.0-rc.24:
    resolution: {integrity: sha512-i7qRCmY42zmCwnYlh9H2SvLEypEFGye5iRmEMKjcGi7zk9UquigRjFtTLz0TYqr0ZGLZhaMHl/foy1bZR+Cwlw==}

  unstorage@2.0.0-alpha.7:
    resolution: {integrity: sha512-ELPztchk2zgFJnakyodVY3vJWGW9jy//keJ32IOJVGUMyaPydwcA1FtVvWqT0TNRch9H+cMNEGllfVFfScImog==}
    peerDependencies:
      '@azure/app-configuration': ^1.11.0
      '@azure/cosmos': ^4.9.1
      '@azure/data-tables': ^13.3.2
      '@azure/identity': ^4.13.0
      '@azure/keyvault-secrets': ^4.10.0
      '@azure/storage-blob': ^12.31.0
      '@capacitor/preferences': ^6 || ^7 || ^8
      '@deno/kv': '>=0.13.0'
      '@netlify/blobs': ^6.5.0 || ^7.0.0 || ^8.1.0 || ^9.0.0 || ^10.0.0
      '@planetscale/database': ^1.19.0
      '@upstash/redis': ^1.36.2
      '@vercel/blob': '>=0.27.3'
      '@vercel/functions': ^2.2.12 || ^3.0.0
      '@vercel/kv': ^1.0.1
      aws4fetch: ^1.0.20
      chokidar: ^4 || ^5
      db0: '>=0.3.4'
      idb-keyval: ^6.2.2
      ioredis: ^5.9.3
      lru-cache: ^11.2.6
      mongodb: ^6 || ^7
      ofetch: '*'
      uploadthing: ^7.7.4
    peerDependenciesMeta:
      '@azure/app-configuration':
        optional: true
      '@azure/cosmos':
        optional: true
      '@azure/data-tables':
        optional: true
      '@azure/identity':
        optional: true
      '@azure/keyvault-secrets':
        optional: true
      '@azure/storage-blob':
        optional: true
      '@capacitor/preferences':
        optional: true
      '@deno/kv':
        optional: true
      '@netlify/blobs':
        optional: true
      '@planetscale/database':
        optional: true
      '@upstash/redis':
        optional: true
      '@vercel/blob':
        optional: true
      '@vercel/functions':
        optional: true
      '@vercel/kv':
        optional: true
      aws4fetch:
        optional: true
      chokidar:
        optional: true
      db0:
        optional: true
      idb-keyval:
        optional: true
      ioredis:
        optional: true
      lru-cache:
        optional: true
      mongodb:
        optional: true
      ofetch:
        optional: true
      uploadthing:
        optional: true

  which@2.0.2:
    resolution: {integrity: sha512-BLI3Tl1TW3Pvl70l3yq3Y64i+awpwXqsGBYWkkqMtnbXgrMD+yj7rhW0kuEDxzJaYXGjEW5ogapKNMEKNMjibA==}
    engines: {node: '>= 8'}
    hasBin: true

  xdg-app-paths@5.5.1:
    resolution: {integrity: sha512-hI3flOB4PLZIy5prbtTpirobtPE2ZtZ52szO+2mM9Efp6ErM398La+C1lIpNWDfNoQk+6Lsi6nMcCwVB7pxeMQ==}
    engines: {node: '>= 6.0'}

  xdg-portable@7.3.0:
    resolution: {integrity: sha512-sqMMuL1rc0FmMBOzCpd0yuy9trqF2yTTVe+E9ogwCSWQCdDEtQUwrZPT6AxqtsFGRNxycgncbP/xmOOSPw5ZUw==}
    engines: {node: '>= 6.0'}

  zod@4.1.11:
    resolution: {integrity: sha512-WPsqwxITS2tzx1bzhIKsEs19ABD5vmCVa4xBo2tq/SrV4RNZtfws1EnCWQXM6yh8bD08a1idvkB5MZSBiZsjwg==}

  zod@4.4.3:
    resolution: {integrity: sha512-ytENFjIJFl2UwYglde2jchW2Hwm4GJFLDiSXWdTrJQBIN9Fcyp7n4DhxJEiWNAJMV1/BqWfW/kkg71UDcHJyTQ==}

snapshots:

  '@ai-sdk/gateway@4.0.29(zod@4.4.3)':
    dependencies:
      '@ai-sdk/provider': 4.0.4
      '@ai-sdk/provider-utils': 5.0.13(zod@4.4.3)
      '@vercel/oidc': 3.2.0
      zod: 4.4.3

  '@ai-sdk/provider-utils@5.0.13(zod@4.4.3)':
    dependencies:
      '@ai-sdk/provider': 4.0.4
      '@standard-schema/spec': 1.1.0
      '@workflow/serde': 4.1.0
      eventsource-parser: 3.1.0
      zod: 4.4.3

  '@ai-sdk/provider@4.0.4':
    dependencies:
      json-schema: 0.4.0

  '@oxc-project/types@0.143.0': {}

  '@rolldown/binding-android-arm64@1.2.3':
    optional: true

  '@rolldown/binding-darwin-arm64@1.2.3':
    optional: true

  '@rolldown/binding-darwin-x64@1.2.3':
    optional: true

  '@rolldown/binding-freebsd-x64@1.2.3':
    optional: true

  '@rolldown/binding-linux-arm-gnueabihf@1.2.3':
    optional: true

  '@rolldown/binding-linux-arm64-gnu@1.2.3':
    optional: true

  '@rolldown/binding-linux-arm64-musl@1.2.3':
    optional: true

  '@rolldown/binding-linux-ppc64-gnu@1.2.3':
    optional: true

  '@rolldown/binding-linux-s390x-gnu@1.2.3':
    optional: true

  '@rolldown/binding-linux-x64-gnu@1.2.3':
    optional: true

  '@rolldown/binding-linux-x64-musl@1.2.3':
    optional: true

  '@rolldown/binding-openharmony-arm64@1.2.3':
    optional: true

  '@rolldown/binding-win32-arm64-msvc@1.2.3':
    optional: true

  '@rolldown/binding-win32-x64-msvc@1.2.3':
    optional: true

  '@rolldown/pluginutils@1.0.1': {}

  '@standard-schema/spec@1.1.0': {}

  '@types/node@25.9.5':
    dependencies:
      undici-types: 7.24.6

  '@typescript/typescript-aix-ppc64@7.0.1-rc':
    optional: true

  '@typescript/typescript-darwin-arm64@7.0.1-rc':
    optional: true

  '@typescript/typescript-darwin-x64@7.0.1-rc':
    optional: true

  '@typescript/typescript-freebsd-arm64@7.0.1-rc':
    optional: true

  '@typescript/typescript-freebsd-x64@7.0.1-rc':
    optional: true

  '@typescript/typescript-linux-arm64@7.0.1-rc':
    optional: true

  '@typescript/typescript-linux-arm@7.0.1-rc':
    optional: true

  '@typescript/typescript-linux-loong64@7.0.1-rc':
    optional: true

  '@typescript/typescript-linux-mips64el@7.0.1-rc':
    optional: true

  '@typescript/typescript-linux-ppc64@7.0.1-rc':
    optional: true

  '@typescript/typescript-linux-riscv64@7.0.1-rc':
    optional: true

  '@typescript/typescript-linux-s390x@7.0.1-rc':
    optional: true

  '@typescript/typescript-linux-x64@7.0.1-rc':
    optional: true

  '@typescript/typescript-netbsd-arm64@7.0.1-rc':
    optional: true

  '@typescript/typescript-netbsd-x64@7.0.1-rc':
    optional: true

  '@typescript/typescript-openbsd-arm64@7.0.1-rc':
    optional: true

  '@typescript/typescript-openbsd-x64@7.0.1-rc':
    optional: true

  '@typescript/typescript-sunos-x64@7.0.1-rc':
    optional: true

  '@typescript/typescript-win32-arm64@7.0.1-rc':
    optional: true

  '@typescript/typescript-win32-x64@7.0.1-rc':
    optional: true

  '@vercel/cli-config@0.2.0':
    dependencies:
      xdg-app-paths: 5.5.1
      zod: 4.1.11

  '@vercel/cli-exec@1.0.0':
    dependencies:
      execa: 5.1.1

  '@vercel/connect@0.2.7(ai@7.0.38(zod@4.4.3))(eve@0.31.3(ai@7.0.38(zod@4.4.3)))':
    dependencies:
      '@vercel/oidc': 3.7.0
    optionalDependencies:
      ai: 7.0.38(zod@4.4.3)
      eve: 0.31.3(ai@7.0.38(zod@4.4.3))

  '@vercel/oidc@3.2.0': {}

  '@vercel/oidc@3.7.0':
    dependencies:
      '@vercel/cli-config': 0.2.0
      '@vercel/cli-exec': 1.0.0
      jose: 5.10.0

  '@workflow/serde@4.1.0': {}

  ai@7.0.38(zod@4.4.3):
    dependencies:
      '@ai-sdk/gateway': 4.0.29(zod@4.4.3)
      '@ai-sdk/provider': 4.0.4
      '@ai-sdk/provider-utils': 5.0.13(zod@4.4.3)
      zod: 4.4.3

  consola@3.4.2: {}

  cross-spawn@7.0.6:
    dependencies:
      path-key: 3.1.1
      shebang-command: 2.0.0
      which: 2.0.2

  crossws@0.4.10(srvx@0.11.22):
    optionalDependencies:
      srvx: 0.11.22

  db0@0.3.4: {}

  env-runner@0.1.16:
    dependencies:
      crossws: 0.4.10(srvx@0.11.22)
      exsolve: 1.1.1
      httpxy: 0.5.5
      srvx: 0.11.22

  eve@0.31.3(ai@7.0.38(zod@4.4.3)):
    dependencies:
      ai: 7.0.38(zod@4.4.3)
      nitro: 3.0.260610-beta
      undici: 8.9.0
    transitivePeerDependencies:
      - '@azure/app-configuration'
      - '@azure/cosmos'
      - '@azure/data-tables'
      - '@azure/identity'
      - '@azure/keyvault-secrets'
      - '@azure/storage-blob'
      - '@capacitor/preferences'
      - '@deno/kv'
      - '@electric-sql/pglite'
      - '@libsql/client'
      - '@netlify/blobs'
      - '@netlify/runtime'
      - '@planetscale/database'
      - '@upstash/redis'
      - '@vercel/blob'
      - '@vercel/functions'
      - '@vercel/kv'
      - '@vercel/queue'
      - aws4fetch
      - better-sqlite3
      - chokidar
      - dotenv
      - drizzle-orm
      - giget
      - idb-keyval
      - ioredis
      - jiti
      - lru-cache
      - miniflare
      - mongodb
      - mysql2
      - rollup
      - sqlite3
      - uploadthing
      - vite
      - wrangler
      - xml2js
      - zephyr-agent

  eventsource-parser@3.1.0: {}

  execa@5.1.1:
    dependencies:
      cross-spawn: 7.0.6
      get-stream: 6.0.1
      human-signals: 2.1.0
      is-stream: 2.0.1
      merge-stream: 2.0.0
      npm-run-path: 4.0.1
      onetime: 5.1.2
      signal-exit: 3.0.7
      strip-final-newline: 2.0.0

  exsolve@1.1.1: {}

  get-stream@6.0.1: {}

  h3@2.0.1-rc.22(crossws@0.4.10(srvx@0.11.22)):
    dependencies:
      rou3: 0.8.1
      srvx: 0.11.22
    optionalDependencies:
      crossws: 0.4.10(srvx@0.11.22)

  hookable@6.1.1: {}

  httpxy@0.5.5: {}

  human-signals@2.1.0: {}

  is-stream@2.0.1: {}

  isexe@2.0.0: {}

  jose@5.10.0: {}

  json-schema@0.4.0: {}

  merge-stream@2.0.0: {}

  mimic-fn@2.1.0: {}

  nf3@0.3.23: {}

  nitro@3.0.260610-beta:
    dependencies:
      consola: 3.4.2
      crossws: 0.4.10(srvx@0.11.22)
      db0: 0.3.4
      env-runner: 0.1.16
      h3: 2.0.1-rc.22(crossws@0.4.10(srvx@0.11.22))
      hookable: 6.1.1
      nf3: 0.3.23
      ocache: 0.1.5
      ofetch: 2.0.0-alpha.3
      ohash: 2.0.11
      rolldown: 1.2.3
      srvx: 0.11.22
      unenv: 2.0.0-rc.24
      unstorage: 2.0.0-alpha.7(db0@0.3.4)(ofetch@2.0.0-alpha.3)
    transitivePeerDependencies:
      - '@azure/app-configuration'
      - '@azure/cosmos'
      - '@azure/data-tables'
      - '@azure/identity'
      - '@azure/keyvault-secrets'
      - '@azure/storage-blob'
      - '@capacitor/preferences'
      - '@deno/kv'
      - '@electric-sql/pglite'
      - '@libsql/client'
      - '@netlify/blobs'
      - '@netlify/runtime'
      - '@planetscale/database'
      - '@upstash/redis'
      - '@vercel/blob'
      - '@vercel/functions'
      - '@vercel/kv'
      - aws4fetch
      - better-sqlite3
      - chokidar
      - drizzle-orm
      - idb-keyval
      - ioredis
      - lru-cache
      - miniflare
      - mongodb
      - mysql2
      - sqlite3
      - uploadthing
      - wrangler

  npm-run-path@4.0.1:
    dependencies:
      path-key: 3.1.1

  ocache@0.1.5:
    dependencies:
      ohash: 2.0.11

  ofetch@2.0.0-alpha.3: {}

  ohash@2.0.11: {}

  onetime@5.1.2:
    dependencies:
      mimic-fn: 2.1.0

  os-paths@4.4.0: {}

  path-key@3.1.1: {}

  pathe@2.0.3: {}

  rolldown@1.2.3:
    dependencies:
      '@oxc-project/types': 0.143.0
      '@rolldown/pluginutils': 1.0.1
    optionalDependencies:
      '@rolldown/binding-android-arm64': 1.2.3
      '@rolldown/binding-darwin-arm64': 1.2.3
      '@rolldown/binding-darwin-x64': 1.2.3
      '@rolldown/binding-freebsd-x64': 1.2.3
      '@rolldown/binding-linux-arm-gnueabihf': 1.2.3
      '@rolldown/binding-linux-arm64-gnu': 1.2.3
      '@rolldown/binding-linux-arm64-musl': 1.2.3
      '@rolldown/binding-linux-ppc64-gnu': 1.2.3
      '@rolldown/binding-linux-s390x-gnu': 1.2.3
      '@rolldown/binding-linux-x64-gnu': 1.2.3
      '@rolldown/binding-linux-x64-musl': 1.2.3
      '@rolldown/binding-openharmony-arm64': 1.2.3
      '@rolldown/binding-win32-arm64-msvc': 1.2.3
      '@rolldown/binding-win32-x64-msvc': 1.2.3

  rou3@0.8.1: {}

  shebang-command@2.0.0:
    dependencies:
      shebang-regex: 3.0.0

  shebang-regex@3.0.0: {}

  signal-exit@3.0.7: {}

  srvx@0.11.22: {}

  strip-final-newline@2.0.0: {}

  typescript@7.0.1-rc:
    optionalDependencies:
      '@typescript/typescript-aix-ppc64': 7.0.1-rc
      '@typescript/typescript-darwin-arm64': 7.0.1-rc
      '@typescript/typescript-darwin-x64': 7.0.1-rc
      '@typescript/typescript-freebsd-arm64': 7.0.1-rc
      '@typescript/typescript-freebsd-x64': 7.0.1-rc
      '@typescript/typescript-linux-arm': 7.0.1-rc
      '@typescript/typescript-linux-arm64': 7.0.1-rc
      '@typescript/typescript-linux-loong64': 7.0.1-rc
      '@typescript/typescript-linux-mips64el': 7.0.1-rc
      '@typescript/typescript-linux-ppc64': 7.0.1-rc
      '@typescript/typescript-linux-riscv64': 7.0.1-rc
      '@typescript/typescript-linux-s390x': 7.0.1-rc
      '@typescript/typescript-linux-x64': 7.0.1-rc
      '@typescript/typescript-netbsd-arm64': 7.0.1-rc
      '@typescript/typescript-netbsd-x64': 7.0.1-rc
      '@typescript/typescript-openbsd-arm64': 7.0.1-rc
      '@typescript/typescript-openbsd-x64': 7.0.1-rc
      '@typescript/typescript-sunos-x64': 7.0.1-rc
      '@typescript/typescript-win32-arm64': 7.0.1-rc
      '@typescript/typescript-win32-x64': 7.0.1-rc

  undici-types@7.24.6: {}

  undici@8.9.0: {}

  unenv@2.0.0-rc.24:
    dependencies:
      pathe: 2.0.3

  unstorage@2.0.0-alpha.7(db0@0.3.4)(ofetch@2.0.0-alpha.3):
    optionalDependencies:
      db0: 0.3.4
      ofetch: 2.0.0-alpha.3

  which@2.0.2:
    dependencies:
      isexe: 2.0.0

  xdg-app-paths@5.5.1:
    dependencies:
      os-paths: 4.4.0
      xdg-portable: 7.3.0

  xdg-portable@7.3.0:
    dependencies:
      os-paths: 4.4.0

  zod@4.1.11: {}

  zod@4.4.3: {}
